
Microsoft Visual Studio Solution File, Format Version 12.00
# Visual Studio 15
VisualStudioVersion = 15.0.27703.2042
MinimumVisualStudioVersion = 10.0.40219.1
Project("{FAE04EC0-301F-11D3-BF4B-00C04F79EFBC}") = "WebChatBot", "WebChatBot\WebChatBot.csproj", "{A1667968-46EB-4772-A17E-5B43807B6241}"
EndProject
Global
	GlobalSection(SolutionConfigurationPlatforms) = preSolution
		Debug|Any CPU = Debug|Any CPU
		Release|Any CPU = Release|Any CPU
	EndGlobalSection
	GlobalSection(ProjectConfigurationPlatforms) = postSolution
		{A1667968-46EB-4772-A17E-5B43807B6241}.Debug|Any CPU.ActiveCfg = Debug|Any CPU
		{A1667968-46EB-4772-A17E-5B43807B6241}.Debug|Any CPU.Build.0 = Debug|Any CPU
		{A1667968-46EB-4772-A17E-5B43807B6241}.Release|Any CPU.ActiveCfg = Release|Any CPU
		{A1667968-46EB-4772-A17E-5B43807B6241}.Release|Any CPU.Build.0 = Release|Any CPU
	EndGlobalSection
	GlobalSection(SolutionProperties) = preSolution
		HideSolutionNode = FALSE
	EndGlobalSection
	GlobalSection(ExtensibilityGlobals) = postSolution
		SolutionGuid = {DA538401-68ED-43C8-B953-345CECF28AD8}
	EndGlobalSection
EndGlobal
